{
  "name": "mahmoud-fawzy-science-platform-stable",
<<<<<<< HEAD
  "version": "56.3.0",
=======
  "version": "56.7.0",
>>>>>>> b42afd5 (Release V56.7 mobile navigation and UI fixes)
  "lockfileVersion": 3,
  "requires": true,
  "packages": {
    "": {
      "name": "mahmoud-fawzy-science-platform-stable",
<<<<<<< HEAD
      "version": "56.3.0",
=======
      "version": "56.7.0",
>>>>>>> b42afd5 (Release V56.7 mobile navigation and UI fixes)
      "engines": {
        "node": "24.x"
      }
    }
  }
}
