{
  "name": "mahmoud-fawzy-science-platform-v38-professional-ui",
  "version": "38.0.0",
  "lockfileVersion": 3,
  "requires": true,
  "packages": {
    "": {
      "name": "mahmoud-fawzy-science-platform-v38-professional-ui",
      "version": "38.0.0",
      "engines": {
        "node": "20.x"
      }
    }
  }
}
